
Microsoft Visual Studio Solution File, Format Version 12.00
# Visual Studio Version 17
VisualStudioVersion = 17.0.31903.59
MinimumVisualStudioVersion = 10.0.40219.1
Project("{FAE04EC0-301F-11D3-BF4B-00C04F79EFBC}") = "Garro's Bootcamp", "FitTrack.csproj", "{520CF97E-812C-4F32-9806-CBBADAD20D06}"
EndProject
Project("{FAE04EC0-301F-11D3-BF4B-00C04F79EFBC}") = "Garro's Bootcamp.Server", "Server\FitTrack.Server.csproj", "{A210696C-8507-44ED-A58D-F80C880253C2}"
EndProject
Project("{2150E333-8FDC-42A3-9474-1A3956D46DE8}") = "Server", "Server", "{DAD03CFC-D5FA-AC94-41C7-9ABAB326F09E}"
EndProject
Global
	GlobalSection(SolutionConfigurationPlatforms) = preSolution
		Debug|Any CPU = Debug|Any CPU
		Debug|x64 = Debug|x64
		Debug|x86 = Debug|x86
		Release|Any CPU = Release|Any CPU
		Release|x64 = Release|x64
		Release|x86 = Release|x86
	EndGlobalSection
	GlobalSection(ProjectConfigurationPlatforms) = postSolution
		{520CF97E-812C-4F32-9806-CBBADAD20D06}.Debug|Any CPU.ActiveCfg = Debug|Any CPU
		{520CF97E-812C-4F32-9806-CBBADAD20D06}.Debug|Any CPU.Build.0 = Debug|Any CPU
		{520CF97E-812C-4F32-9806-CBBADAD20D06}.Debug|x64.ActiveCfg = Debug|Any CPU
		{520CF97E-812C-4F32-9806-CBBADAD20D06}.Debug|x64.Build.0 = Debug|Any CPU
		{520CF97E-812C-4F32-9806-CBBADAD20D06}.Debug|x86.ActiveCfg = Debug|Any CPU
		{520CF97E-812C-4F32-9806-CBBADAD20D06}.Debug|x86.Build.0 = Debug|Any CPU
		{520CF97E-812C-4F32-9806-CBBADAD20D06}.Release|Any CPU.ActiveCfg = Release|Any CPU
		{520CF97E-812C-4F32-9806-CBBADAD20D06}.Release|Any CPU.Build.0 = Release|Any CPU
		{520CF97E-812C-4F32-9806-CBBADAD20D06}.Release|x64.ActiveCfg = Release|Any CPU
		{520CF97E-812C-4F32-9806-CBBADAD20D06}.Release|x64.Build.0 = Release|Any CPU
		{520CF97E-812C-4F32-9806-CBBADAD20D06}.Release|x86.ActiveCfg = Release|Any CPU
		{520CF97E-812C-4F32-9806-CBBADAD20D06}.Release|x86.Build.0 = Release|Any CPU
		{A210696C-8507-44ED-A58D-F80C880253C2}.Debug|Any CPU.ActiveCfg = Debug|Any CPU
		{A210696C-8507-44ED-A58D-F80C880253C2}.Debug|Any CPU.Build.0 = Debug|Any CPU
		{A210696C-8507-44ED-A58D-F80C880253C2}.Debug|x64.ActiveCfg = Debug|Any CPU
		{A210696C-8507-44ED-A58D-F80C880253C2}.Debug|x64.Build.0 = Debug|Any CPU
		{A210696C-8507-44ED-A58D-F80C880253C2}.Debug|x86.ActiveCfg = Debug|Any CPU
		{A210696C-8507-44ED-A58D-F80C880253C2}.Debug|x86.Build.0 = Debug|Any CPU
		{A210696C-8507-44ED-A58D-F80C880253C2}.Release|Any CPU.ActiveCfg = Release|Any CPU
		{A210696C-8507-44ED-A58D-F80C880253C2}.Release|Any CPU.Build.0 = Release|Any CPU
		{A210696C-8507-44ED-A58D-F80C880253C2}.Release|x64.ActiveCfg = Release|Any CPU
		{A210696C-8507-44ED-A58D-F80C880253C2}.Release|x64.Build.0 = Release|Any CPU
		{A210696C-8507-44ED-A58D-F80C880253C2}.Release|x86.ActiveCfg = Release|Any CPU
		{A210696C-8507-44ED-A58D-F80C880253C2}.Release|x86.Build.0 = Release|Any CPU
	EndGlobalSection
	GlobalSection(SolutionProperties) = preSolution
		HideSolutionNode = FALSE
	EndGlobalSection
EndGlobal
